
Microsoft Visual Studio Solution File, Format Version 12.00
# Visual Studio 15
VisualStudioVersion = 15.0.28307.136
MinimumVisualStudioVersion = 10.0.40219.1
Project("{9A19103F-16F7-4668-BE54-9A1E7A4F7556}") = "netcore-plain", "netcore-plain\netcore-plain.csproj", "{351FB3D0-59AE-4359-9CEA-32588D475BCF}"
EndProject
Global
	GlobalSection(SolutionConfigurationPlatforms) = preSolution
		Debug|Any CPU = Debug|Any CPU
		Release|Any CPU = Release|Any CPU
	EndGlobalSection
	GlobalSection(ProjectConfigurationPlatforms) = postSolution
		{351FB3D0-59AE-4359-9CEA-32588D475BCF}.Debug|Any CPU.ActiveCfg = Debug|Any CPU
		{351FB3D0-59AE-4359-9CEA-32588D475BCF}.Debug|Any CPU.Build.0 = Debug|Any CPU
		{351FB3D0-59AE-4359-9CEA-32588D475BCF}.Release|Any CPU.ActiveCfg = Release|Any CPU
		{351FB3D0-59AE-4359-9CEA-32588D475BCF}.Release|Any CPU.Build.0 = Release|Any CPU
	EndGlobalSection
	GlobalSection(SolutionProperties) = preSolution
		HideSolutionNode = FALSE
	EndGlobalSection
	GlobalSection(ExtensibilityGlobals) = postSolution
		SolutionGuid = {2ECA7FDC-8771-41C9-A572-19D89B0C72F0}
	EndGlobalSection
EndGlobal
